// !$*UTF8*$!
{
	archiveVersion = 1;
	classes = {
	};
	objectVersion = 46;
	objects = {

/* Begin PBXBuildFile section */
		FC1E39C21B4FB5E8005E174E /* main.m in Sources */ = {isa = PBXBuildFile; fileRef = FC1E39C11B4FB5E8005E174E /* main.m */; };
		FC1E39C51B4FB5E8005E174E /* AppDelegate.m in Sources */ = {isa = PBXBuildFile; fileRef = FC1E39C41B4FB5E8005E174E /* AppDelegate.m */; };
		FC1E39C81B4FB5E8005E174E /* MainViewController.m in Sources */ = {isa = PBXBuildFile; fileRef = FC1E39C71B4FB5E8005E174E /* MainViewController.m */; };
		FC1E39CB1B4FB5E8005E174E /* Main.storyboard in Resources */ = {isa = PBXBuildFile; fileRef = FC1E39C91B4FB5E8005E174E /* Main.storyboard */; };
		FC1E39CD1B4FB5E8005E174E /* Images.xcassets in Resources */ = {isa = PBXBuildFile; fileRef = FC1E39CC1B4FB5E8005E174E /* Images.xcassets */; };
		FC1E39D01B4FB5E8005E174E /* LaunchScreen.xib in Resources */ = {isa = PBXBuildFile; fileRef = FC1E39CE1B4FB5E8005E174E /* LaunchScreen.xib */; };
		FC1E39DC1B4FB5E8005E174E /* Ka_pokTests.m in Sources */ = {isa = PBXBuildFile; fileRef = FC1E39DB1B4FB5E8005E174E /* Ka_pokTests.m */; };
		FC1E39EA1B4FB75F005E174E /* NewArrivalsViewController.m in Sources */ = {isa = PBXBuildFile; fileRef = FC1E39E91B4FB75F005E174E /* NewArrivalsViewController.m */; };
		FC1E39EF1B4FB7B6005E174E /* MenuViewController.m in Sources */ = {isa = PBXBuildFile; fileRef = FC1E39EE1B4FB7B6005E174E /* MenuViewController.m */; };
		FC1E39F31B4FBB24005E174E /* NewArrivalCell.m in Sources */ = {isa = PBXBuildFile; fileRef = FC1E39F21B4FBB24005E174E /* NewArrivalCell.m */; };
		FC1E39F81B4FC00B005E174E /* category.csv in Resources */ = {isa = PBXBuildFile; fileRef = FC1E39F71B4FC00B005E174E /* category.csv */; };
		FC1E39FB1B4FC03B005E174E /* CategorySectionHeader.m in Sources */ = {isa = PBXBuildFile; fileRef = FC1E39FA1B4FC03B005E174E /* CategorySectionHeader.m */; };
		FC1E39FE1B4FC04A005E174E /* CategoryCell.m in Sources */ = {isa = PBXBuildFile; fileRef = FC1E39FD1B4FC04A005E174E /* CategoryCell.m */; };
		FC1E3A041B4FC273005E174E /* FadeInAnimationController.m in Sources */ = {isa = PBXBuildFile; fileRef = FC1E3A031B4FC273005E174E /* FadeInAnimationController.m */; };
		FCB9539C1B5008E700C5072E /* CatalogueViewController.m in Sources */ = {isa = PBXBuildFile; fileRef = FCB9539B1B5008E700C5072E /* CatalogueViewController.m */; };
		FCB953A01B50132E00C5072E /* Helper.m in Sources */ = {isa = PBXBuildFile; fileRef = FCB9539F1B50132E00C5072E /* Helper.m */; };
		FCB953A41B5017DA00C5072E /* InfoViewController.m in Sources */ = {isa = PBXBuildFile; fileRef = FCB953A31B5017DA00C5072E /* InfoViewController.m */; };
		FCB953A81B501F9A00C5072E /* ProductCell.m in Sources */ = {isa = PBXBuildFile; fileRef = FCB953A71B501F9A00C5072E /* ProductCell.m */; };
/* End PBXBuildFile section */

/* Begin PBXContainerItemProxy section */
		FC1E39D61B4FB5E8005E174E /* PBXContainerItemProxy */ = {
			isa = PBXContainerItemProxy;
			containerPortal = FC1E39B41B4FB5E8005E174E /* Project object */;
			proxyType = 1;
			remoteGlobalIDString = FC1E39BB1B4FB5E8005E174E;
			remoteInfo = "Ka-pok";
		};
/* End PBXContainerItemProxy section */

/* Begin PBXFileReference section */
		FC1E39BC1B4FB5E8005E174E /* Kapok.app */ = {isa = PBXFileReference; explicitFileType = wrapper.application; includeInIndex = 0; path = Kapok.app; sourceTree = BUILT_PRODUCTS_DIR; };
		FC1E39C01B4FB5E8005E174E /* Info.plist */ = {isa = PBXFileReference; lastKnownFileType = text.plist.xml; path = Info.plist; sourceTree = "<group>"; };
		FC1E39C11B4FB5E8005E174E /* main.m */ = {isa = PBXFileReference; lastKnownFileType = sourcecode.c.objc; path = main.m; sourceTree = "<group>"; };
		FC1E39C31B4FB5E8005E174E /* AppDelegate.h */ = {isa = PBXFileReference; lastKnownFileType = sourcecode.c.h; path = AppDelegate.h; sourceTree = "<group>"; };
		FC1E39C41B4FB5E8005E174E /* AppDelegate.m */ = {isa = PBXFileReference; lastKnownFileType = sourcecode.c.objc; path = AppDelegate.m; sourceTree = "<group>"; };
		FC1E39C61B4FB5E8005E174E /* MainViewController.h */ = {isa = PBXFileReference; lastKnownFileType = sourcecode.c.h; path = MainViewController.h; sourceTree = "<group>"; };
		FC1E39C71B4FB5E8005E174E /* MainViewController.m */ = {isa = PBXFileReference; lastKnownFileType = sourcecode.c.objc; path = MainViewController.m; sourceTree = "<group>"; };
		FC1E39CA1B4FB5E8005E174E /* Base */ = {isa = PBXFileReference; lastKnownFileType = file.storyboard; name = Base; path = Base.lproj/Main.storyboard; sourceTree = "<group>"; };
		FC1E39CC1B4FB5E8005E174E /* Images.xcassets */ = {isa = PBXFileReference; lastKnownFileType = folder.assetcatalog; path = Images.xcassets; sourceTree = "<group>"; };
		FC1E39CF1B4FB5E8005E174E /* Base */ = {isa = PBXFileReference; lastKnownFileType = file.xib; name = Base; path = Base.lproj/LaunchScreen.xib; sourceTree = "<group>"; };
		FC1E39D51B4FB5E8005E174E /* Ka-pokTests.xctest */ = {isa = PBXFileReference; explicitFileType = wrapper.cfbundle; includeInIndex = 0; path = "Ka-pokTests.xctest"; sourceTree = BUILT_PRODUCTS_DIR; };
		FC1E39DA1B4FB5E8005E174E /* Info.plist */ = {isa = PBXFileReference; lastKnownFileType = text.plist.xml; path = Info.plist; sourceTree = "<group>"; };
		FC1E39DB1B4FB5E8005E174E /* Ka_pokTests.m */ = {isa = PBXFileReference; lastKnownFileType = sourcecode.c.objc; path = Ka_pokTests.m; sourceTree = "<group>"; };
		FC1E39E81B4FB75F005E174E /* NewArrivalsViewController.h */ = {isa = PBXFileReference; fileEncoding = 4; lastKnownFileType = sourcecode.c.h; path = NewArrivalsViewController.h; sourceTree = "<group>"; };
		FC1E39E91B4FB75F005E174E /* NewArrivalsViewController.m */ = {isa = PBXFileReference; fileEncoding = 4; lastKnownFileType = sourcecode.c.objc; path = NewArrivalsViewController.m; sourceTree = "<group>"; };
		FC1E39ED1B4FB7B6005E174E /* MenuViewController.h */ = {isa = PBXFileReference; fileEncoding = 4; lastKnownFileType = sourcecode.c.h; path = MenuViewController.h; sourceTree = "<group>"; };
		FC1E39EE1B4FB7B6005E174E /* MenuViewController.m */ = {isa = PBXFileReference; fileEncoding = 4; lastKnownFileType = sourcecode.c.objc; path = MenuViewController.m; sourceTree = "<group>"; };
		FC1E39F11B4FBB24005E174E /* NewArrivalCell.h */ = {isa = PBXFileReference; fileEncoding = 4; lastKnownFileType = sourcecode.c.h; path = NewArrivalCell.h; sourceTree = "<group>"; };
		FC1E39F21B4FBB24005E174E /* NewArrivalCell.m */ = {isa = PBXFileReference; fileEncoding = 4; lastKnownFileType = sourcecode.c.objc; path = NewArrivalCell.m; sourceTree = "<group>"; };
		FC1E39F71B4FC00B005E174E /* category.csv */ = {isa = PBXFileReference; fileEncoding = 4; lastKnownFileType = text; path = category.csv; sourceTree = "<group>"; };
		FC1E39F91B4FC03B005E174E /* CategorySectionHeader.h */ = {isa = PBXFileReference; fileEncoding = 4; lastKnownFileType = sourcecode.c.h; path = CategorySectionHeader.h; sourceTree = "<group>"; };
		FC1E39FA1B4FC03B005E174E /* CategorySectionHeader.m */ = {isa = PBXFileReference; fileEncoding = 4; lastKnownFileType = sourcecode.c.objc; path = CategorySectionHeader.m; sourceTree = "<group>"; };
		FC1E39FC1B4FC04A005E174E /* CategoryCell.h */ = {isa = PBXFileReference; fileEncoding = 4; lastKnownFileType = sourcecode.c.h; path = CategoryCell.h; sourceTree = "<group>"; };
		FC1E39FD1B4FC04A005E174E /* CategoryCell.m */ = {isa = PBXFileReference; fileEncoding = 4; lastKnownFileType = sourcecode.c.objc; path = CategoryCell.m; sourceTree = "<group>"; };
		FC1E3A001B4FC25E005E174E /* CustomAnimationController.h */ = {isa = PBXFileReference; lastKnownFileType = sourcecode.c.h; path = CustomAnimationController.h; sourceTree = "<group>"; };
		FC1E3A021B4FC273005E174E /* FadeInAnimationController.h */ = {isa = PBXFileReference; fileEncoding = 4; lastKnownFileType = sourcecode.c.h; path = FadeInAnimationController.h; sourceTree = "<group>"; };
		FC1E3A031B4FC273005E174E /* FadeInAnimationController.m */ = {isa = PBXFileReference; fileEncoding = 4; lastKnownFileType = sourcecode.c.objc; path = FadeInAnimationController.m; sourceTree = "<group>"; };
		FCB9539A1B5008E700C5072E /* CatalogueViewController.h */ = {isa = PBXFileReference; fileEncoding = 4; lastKnownFileType = sourcecode.c.h; path = CatalogueViewController.h; sourceTree = "<group>"; };
		FCB9539B1B5008E700C5072E /* CatalogueViewController.m */ = {isa = PBXFileReference; fileEncoding = 4; lastKnownFileType = sourcecode.c.objc; path = CatalogueViewController.m; sourceTree = "<group>"; };
		FCB9539E1B50132E00C5072E /* Helper.h */ = {isa = PBXFileReference; fileEncoding = 4; lastKnownFileType = sourcecode.c.h; path = Helper.h; sourceTree = "<group>"; };
		FCB9539F1B50132E00C5072E /* Helper.m */ = {isa = PBXFileReference; fileEncoding = 4; lastKnownFileType = sourcecode.c.objc; path = Helper.m; sourceTree = "<group>"; };
		FCB953A21B5017DA00C5072E /* InfoViewController.h */ = {isa = PBXFileReference; fileEncoding = 4; lastKnownFileType = sourcecode.c.h; path = InfoViewController.h; sourceTree = "<group>"; };
		FCB953A31B5017DA00C5072E /* InfoViewController.m */ = {isa = PBXFileReference; fileEncoding = 4; lastKnownFileType = sourcecode.c.objc; path = InfoViewController.m; sourceTree = "<group>"; };
		FCB953A61B501F9A00C5072E /* ProductCell.h */ = {isa = PBXFileReference; fileEncoding = 4; lastKnownFileType = sourcecode.c.h; path = ProductCell.h; sourceTree = "<group>"; };
		FCB953A71B501F9A00C5072E /* ProductCell.m */ = {isa = PBXFileReference; fileEncoding = 4; lastKnownFileType = sourcecode.c.objc; path = ProductCell.m; sourceTree = "<group>"; };
/* End PBXFileReference section */

/* Begin PBXFrameworksBuildPhase section */
		FC1E39B91B4FB5E8005E174E /* Frameworks */ = {
			isa = PBXFrameworksBuildPhase;
			buildActionMask = 2147483647;
			files = (
			);
			runOnlyForDeploymentPostprocessing = 0;
		};
		FC1E39D21B4FB5E8005E174E /* Frameworks */ = {
			isa = PBXFrameworksBuildPhase;
			buildActionMask = 2147483647;
			files = (
			);
			runOnlyForDeploymentPostprocessing = 0;
		};
/* End PBXFrameworksBuildPhase section */

/* Begin PBXGroup section */
		FC1E39B31B4FB5E8005E174E = {
			isa = PBXGroup;
			children = (
				FC1E39BE1B4FB5E8005E174E /* Ka-pok */,
				FC1E39D81B4FB5E8005E174E /* Ka-pokTests */,
				FC1E39BD1B4FB5E8005E174E /* Products */,
			);
			sourceTree = "<group>";
		};
		FC1E39BD1B4FB5E8005E174E /* Products */ = {
			isa = PBXGroup;
			children = (
				FC1E39BC1B4FB5E8005E174E /* Kapok.app */,
				FC1E39D51B4FB5E8005E174E /* Ka-pokTests.xctest */,
			);
			name = Products;
			sourceTree = "<group>";
		};
		FC1E39BE1B4FB5E8005E174E /* Ka-pok */ = {
			isa = PBXGroup;
			children = (
				FC1E39C91B4FB5E8005E174E /* Main.storyboard */,
				FC1E39F61B4FBFF3005E174E /* Resources */,
				FCB9539D1B50130000C5072E /* Helper */,
				FC1E39FF1B4FC24B005E174E /* Transition */,
				FC1E39EB1B4FB76A005E174E /* AppDelegate */,
				FC1E39E51B4FB6FE005E174E /* ViewControllers */,
				FC1E39CC1B4FB5E8005E174E /* Images.xcassets */,
				FC1E39CE1B4FB5E8005E174E /* LaunchScreen.xib */,
				FC1E39BF1B4FB5E8005E174E /* Supporting Files */,
			);
			path = "Ka-pok";
			sourceTree = "<group>";
		};
		FC1E39BF1B4FB5E8005E174E /* Supporting Files */ = {
			isa = PBXGroup;
			children = (
				FC1E39C01B4FB5E8005E174E /* Info.plist */,
				FC1E39C11B4FB5E8005E174E /* main.m */,
			);
			name = "Supporting Files";
			sourceTree = "<group>";
		};
		FC1E39D81B4FB5E8005E174E /* Ka-pokTests */ = {
			isa = PBXGroup;
			children = (
				FC1E39DB1B4FB5E8005E174E /* Ka_pokTests.m */,
				FC1E39D91B4FB5E8005E174E /* Supporting Files */,
			);
			path = "Ka-pokTests";
			sourceTree = "<group>";
		};
		FC1E39D91B4FB5E8005E174E /* Supporting Files */ = {
			isa = PBXGroup;
			children = (
				FC1E39DA1B4FB5E8005E174E /* Info.plist */,
			);
			name = "Supporting Files";
			sourceTree = "<group>";
		};
		FC1E39E51B4FB6FE005E174E /* ViewControllers */ = {
			isa = PBXGroup;
			children = (
				FC1E39EC1B4FB7A9005E174E /* Menu */,
				FC1E39E61B4FB708005E174E /* Container */,
				FC1E39E71B4FB74B005E174E /* New Arrivals */,
				FCB953991B5008D600C5072E /* Catalogue */,
				FCB953A11B5017C100C5072E /* Info */,
			);
			name = ViewControllers;
			sourceTree = "<group>";
		};
		FC1E39E61B4FB708005E174E /* Container */ = {
			isa = PBXGroup;
			children = (
				FC1E39C61B4FB5E8005E174E /* MainViewController.h */,
				FC1E39C71B4FB5E8005E174E /* MainViewController.m */,
			);
			name = Container;
			sourceTree = "<group>";
		};
		FC1E39E71B4FB74B005E174E /* New Arrivals */ = {
			isa = PBXGroup;
			children = (
				FC1E39F01B4FBB13005E174E /* Cell */,
				FC1E39E81B4FB75F005E174E /* NewArrivalsViewController.h */,
				FC1E39E91B4FB75F005E174E /* NewArrivalsViewController.m */,
			);
			name = "New Arrivals";
			sourceTree = "<group>";
		};
		FC1E39EB1B4FB76A005E174E /* AppDelegate */ = {
			isa = PBXGroup;
			children = (
				FC1E39C31B4FB5E8005E174E /* AppDelegate.h */,
				FC1E39C41B4FB5E8005E174E /* AppDelegate.m */,
			);
			name = AppDelegate;
			sourceTree = "<group>";
		};
		FC1E39EC1B4FB7A9005E174E /* Menu */ = {
			isa = PBXGroup;
			children = (
				FC1E39F41B4FBFE5005E174E /* Section */,
				FC1E39F51B4FBFEC005E174E /* Cell */,
				FC1E39ED1B4FB7B6005E174E /* MenuViewController.h */,
				FC1E39EE1B4FB7B6005E174E /* MenuViewController.m */,
			);
			name = Menu;
			sourceTree = "<group>";
		};
		FC1E39F01B4FBB13005E174E /* Cell */ = {
			isa = PBXGroup;
			children = (
				FC1E39F11B4FBB24005E174E /* NewArrivalCell.h */,
				FC1E39F21B4FBB24005E174E /* NewArrivalCell.m */,
			);
			name = Cell;
			sourceTree = "<group>";
		};
		FC1E39F41B4FBFE5005E174E /* Section */ = {
			isa = PBXGroup;
			children = (
				FC1E39F91B4FC03B005E174E /* CategorySectionHeader.h */,
				FC1E39FA1B4FC03B005E174E /* CategorySectionHeader.m */,
			);
			name = Section;
			sourceTree = "<group>";
		};
		FC1E39F51B4FBFEC005E174E /* Cell */ = {
			isa = PBXGroup;
			children = (
				FC1E39FC1B4FC04A005E174E /* CategoryCell.h */,
				FC1E39FD1B4FC04A005E174E /* CategoryCell.m */,
			);
			name = Cell;
			sourceTree = "<group>";
		};
		FC1E39F61B4FBFF3005E174E /* Resources */ = {
			isa = PBXGroup;
			children = (
				FC1E39F71B4FC00B005E174E /* category.csv */,
			);
			name = Resources;
			sourceTree = "<group>";
		};
		FC1E39FF1B4FC24B005E174E /* Transition */ = {
			isa = PBXGroup;
			children = (
				FC1E3A001B4FC25E005E174E /* CustomAnimationController.h */,
				FC1E3A011B4FC267005E174E /* FadeIn */,
			);
			name = Transition;
			sourceTree = "<group>";
		};
		FC1E3A011B4FC267005E174E /* FadeIn */ = {
			isa = PBXGroup;
			children = (
				FC1E3A021B4FC273005E174E /* FadeInAnimationController.h */,
				FC1E3A031B4FC273005E174E /* FadeInAnimationController.m */,
			);
			name = FadeIn;
			sourceTree = "<group>";
		};
		FCB953991B5008D600C5072E /* Catalogue */ = {
			isa = PBXGroup;
			children = (
				FCB953A51B501F7900C5072E /* Cell */,
				FCB9539A1B5008E700C5072E /* CatalogueViewController.h */,
				FCB9539B1B5008E700C5072E /* CatalogueViewController.m */,
			);
			name = Catalogue;
			sourceTree = "<group>";
		};
		FCB9539D1B50130000C5072E /* Helper */ = {
			isa = PBXGroup;
			children = (
				FCB9539E1B50132E00C5072E /* Helper.h */,
				FCB9539F1B50132E00C5072E /* Helper.m */,
			);
			name = Helper;
			sourceTree = "<group>";
		};
		FCB953A11B5017C100C5072E /* Info */ = {
			isa = PBXGroup;
			children = (
				FCB953A21B5017DA00C5072E /* InfoViewController.h */,
				FCB953A31B5017DA00C5072E /* InfoViewController.m */,
			);
			name = Info;
			sourceTree = "<group>";
		};
		FCB953A51B501F7900C5072E /* Cell */ = {
			isa = PBXGroup;
			children = (
				FCB953A61B501F9A00C5072E /* ProductCell.h */,
				FCB953A71B501F9A00C5072E /* ProductCell.m */,
			);
			name = Cell;
			sourceTree = "<group>";
		};
/* End PBXGroup section */

/* Begin PBXNativeTarget section */
		FC1E39BB1B4FB5E8005E174E /* Ka-pok */ = {
			isa = PBXNativeTarget;
			buildConfigurationList = FC1E39DF1B4FB5E8005E174E /* Build configuration list for PBXNativeTarget "Ka-pok" */;
			buildPhases = (
				FC1E39B81B4FB5E8005E174E /* Sources */,
				FC1E39B91B4FB5E8005E174E /* Frameworks */,
				FC1E39BA1B4FB5E8005E174E /* Resources */,
			);
			buildRules = (
			);
			dependencies = (
			);
			name = "Ka-pok";
			productName = "Ka-pok";
			productReference = FC1E39BC1B4FB5E8005E174E /* Kapok.app */;
			productType = "com.apple.product-type.application";
		};
		FC1E39D41B4FB5E8005E174E /* Ka-pokTests */ = {
			isa = PBXNativeTarget;
			buildConfigurationList = FC1E39E21B4FB5E8005E174E /* Build configuration list for PBXNativeTarget "Ka-pokTests" */;
			buildPhases = (
				FC1E39D11B4FB5E8005E174E /* Sources */,
				FC1E39D21B4FB5E8005E174E /* Frameworks */,
				FC1E39D31B4FB5E8005E174E /* Resources */,
			);
			buildRules = (
			);
			dependencies = (
				FC1E39D71B4FB5E8005E174E /* PBXTargetDependency */,
			);
			name = "Ka-pokTests";
			productName = "Ka-pokTests";
			productReference = FC1E39D51B4FB5E8005E174E /* Ka-pokTests.xctest */;
			productType = "com.apple.product-type.bundle.unit-test";
		};
/* End PBXNativeTarget section */

/* Begin PBXProject section */
		FC1E39B41B4FB5E8005E174E /* Project object */ = {
			isa = PBXProject;
			attributes = {
				LastUpgradeCheck = 0640;
				ORGANIZATIONNAME = "Shonen Code";
				TargetAttributes = {
					FC1E39BB1B4FB5E8005E174E = {
						CreatedOnToolsVersion = 6.4;
						DevelopmentTeam = BM325WMSY4;
					};
					FC1E39D41B4FB5E8005E174E = {
						CreatedOnToolsVersion = 6.4;
						TestTargetID = FC1E39BB1B4FB5E8005E174E;
					};
				};
			};
			buildConfigurationList = FC1E39B71B4FB5E8005E174E /* Build configuration list for PBXProject "Ka-pok" */;
			compatibilityVersion = "Xcode 3.2";
			developmentRegion = English;
			hasScannedForEncodings = 0;
			knownRegions = (
				en,
				Base,
			);
			mainGroup = FC1E39B31B4FB5E8005E174E;
			productRefGroup = FC1E39BD1B4FB5E8005E174E /* Products */;
			projectDirPath = "";
			projectRoot = "";
			targets = (
				FC1E39BB1B4FB5E8005E174E /* Ka-pok */,
				FC1E39D41B4FB5E8005E174E /* Ka-pokTests */,
			);
		};
/* End PBXProject section */

/* Begin PBXResourcesBuildPhase section */
		FC1E39BA1B4FB5E8005E174E /* Resources */ = {
			isa = PBXResourcesBuildPhase;
			buildActionMask = 2147483647;
			files = (
				FC1E39F81B4FC00B005E174E /* category.csv in Resources */,
				FC1E39CB1B4FB5E8005E174E /* Main.storyboard in Resources */,
				FC1E39D01B4FB5E8005E174E /* LaunchScreen.xib in Resources */,
				FC1E39CD1B4FB5E8005E174E /* Images.xcassets in Resources */,
			);
			runOnlyForDeploymentPostprocessing = 0;
		};
		FC1E39D31B4FB5E8005E174E /* Resources */ = {
			isa = PBXResourcesBuildPhase;
			buildActionMask = 2147483647;
			files = (
			);
			runOnlyForDeploymentPostprocessing = 0;
		};
/* End PBXResourcesBuildPhase section */

/* Begin PBXSourcesBuildPhase section */
		FC1E39B81B4FB5E8005E174E /* Sources */ = {
			isa = PBXSourcesBuildPhase;
			buildActionMask = 2147483647;
			files = (
				FC1E39F31B4FBB24005E174E /* NewArrivalCell.m in Sources */,
				FC1E39FB1B4FC03B005E174E /* CategorySectionHeader.m in Sources */,
				FCB953A41B5017DA00C5072E /* InfoViewController.m in Sources */,
				FC1E39C81B4FB5E8005E174E /* MainViewController.m in Sources */,
				FC1E39C51B4FB5E8005E174E /* AppDelegate.m in Sources */,
				FCB953A81B501F9A00C5072E /* ProductCell.m in Sources */,
				FC1E39C21B4FB5E8005E174E /* main.m in Sources */,
				FC1E3A041B4FC273005E174E /* FadeInAnimationController.m in Sources */,
				FC1E39EA1B4FB75F005E174E /* NewArrivalsViewController.m in Sources */,
				FC1E39EF1B4FB7B6005E174E /* MenuViewController.m in Sources */,
				FCB953A01B50132E00C5072E /* Helper.m in Sources */,
				FCB9539C1B5008E700C5072E /* CatalogueViewController.m in Sources */,
				FC1E39FE1B4FC04A005E174E /* CategoryCell.m in Sources */,
			);
			runOnlyForDeploymentPostprocessing = 0;
		};
		FC1E39D11B4FB5E8005E174E /* Sources */ = {
			isa = PBXSourcesBuildPhase;
			buildActionMask = 2147483647;
			files = (
				FC1E39DC1B4FB5E8005E174E /* Ka_pokTests.m in Sources */,
			);
			runOnlyForDeploymentPostprocessing = 0;
		};
/* End PBXSourcesBuildPhase section */

/* Begin PBXTargetDependency section */
		FC1E39D71B4FB5E8005E174E /* PBXTargetDependency */ = {
			isa = PBXTargetDependency;
			target = FC1E39BB1B4FB5E8005E174E /* Ka-pok */;
			targetProxy = FC1E39D61B4FB5E8005E174E /* PBXContainerItemProxy */;
		};
/* End PBXTargetDependency section */

/* Begin PBXVariantGroup section */
		FC1E39C91B4FB5E8005E174E /* Main.storyboard */ = {
			isa = PBXVariantGroup;
			children = (
				FC1E39CA1B4FB5E8005E174E /* Base */,
			);
			name = Main.storyboard;
			sourceTree = "<group>";
		};
		FC1E39CE1B4FB5E8005E174E /* LaunchScreen.xib */ = {
			isa = PBXVariantGroup;
			children = (
				FC1E39CF1B4FB5E8005E174E /* Base */,
			);
			name = LaunchScreen.xib;
			sourceTree = "<group>";
		};
/* End PBXVariantGroup section */

/* Begin XCBuildConfiguration section */
		FC1E39DD1B4FB5E8005E174E /* Debug */ = {
			isa = XCBuildConfiguration;
			buildSettings = {
				ALWAYS_SEARCH_USER_PATHS = NO;
				CLANG_CXX_LANGUAGE_STANDARD = "gnu++0x";
				CLANG_CXX_LIBRARY = "libc++";
				CLANG_ENABLE_MODULES = YES;
				CLANG_ENABLE_OBJC_ARC = YES;
				CLANG_WARN_BOOL_CONVERSION = YES;
				CLANG_WARN_CONSTANT_CONVERSION = YES;
				CLANG_WARN_DIRECT_OBJC_ISA_USAGE = YES_ERROR;
				CLANG_WARN_EMPTY_BODY = YES;
				CLANG_WARN_ENUM_CONVERSION = YES;
				CLANG_WARN_INT_CONVERSION = YES;
				CLANG_WARN_OBJC_ROOT_CLASS = YES_ERROR;
				CLANG_WARN_UNREACHABLE_CODE = YES;
				CLANG_WARN__DUPLICATE_METHOD_MATCH = YES;
				"CODE_SIGN_IDENTITY[sdk=iphoneos*]" = "iPhone Developer";
				COPY_PHASE_STRIP = NO;
				DEBUG_INFORMATION_FORMAT = "dwarf-with-dsym";
				ENABLE_STRICT_OBJC_MSGSEND = YES;
				GCC_C_LANGUAGE_STANDARD = gnu99;
				GCC_DYNAMIC_NO_PIC = NO;
				GCC_NO_COMMON_BLOCKS = YES;
				GCC_OPTIMIZATION_LEVEL = 0;
				GCC_PREPROCESSOR_DEFINITIONS = (
					"DEBUG=1",
					"$(inherited)",
				);
				GCC_SYMBOLS_PRIVATE_EXTERN = NO;
				GCC_WARN_64_TO_32_BIT_CONVERSION = YES;
				GCC_WARN_ABOUT_RETURN_TYPE = YES_ERROR;
				GCC_WARN_UNDECLARED_SELECTOR = YES;
				GCC_WARN_UNINITIALIZED_AUTOS = YES_AGGRESSIVE;
				GCC_WARN_UNUSED_FUNCTION = YES;
				GCC_WARN_UNUSED_VARIABLE = YES;
				IPHONEOS_DEPLOYMENT_TARGET = 8.4;
				MTL_ENABLE_DEBUG_INFO = YES;
				ONLY_ACTIVE_ARCH = YES;
				SDKROOT = iphoneos;
				TARGETED_DEVICE_FAMILY = 2;
			};
			name = Debug;
		};
		FC1E39DE1B4FB5E8005E174E /* Release */ = {
			isa = XCBuildConfiguration;
			buildSettings = {
				ALWAYS_SEARCH_USER_PATHS = NO;
				CLANG_CXX_LANGUAGE_STANDARD = "gnu++0x";
				CLANG_CXX_LIBRARY = "libc++";
				CLANG_ENABLE_MODULES = YES;
				CLANG_ENABLE_OBJC_ARC = YES;
				CLANG_WARN_BOOL_CONVERSION = YES;
				CLANG_WARN_CONSTANT_CONVERSION = YES;
				CLANG_WARN_DIRECT_OBJC_ISA_USAGE = YES_ERROR;
				CLANG_WARN_EMPTY_BODY = YES;
				CLANG_WARN_ENUM_CONVERSION = YES;
				CLANG_WARN_INT_CONVERSION = YES;
				CLANG_WARN_OBJC_ROOT_CLASS = YES_ERROR;
				CLANG_WARN_UNREACHABLE_CODE = YES;
				CLANG_WARN__DUPLICATE_METHOD_MATCH = YES;
				"CODE_SIGN_IDENTITY[sdk=iphoneos*]" = "iPhone Developer";
				COPY_PHASE_STRIP = NO;
				DEBUG_INFORMATION_FORMAT = "dwarf-with-dsym";
				ENABLE_NS_ASSERTIONS = NO;
				ENABLE_STRICT_OBJC_MSGSEND = YES;
				GCC_C_LANGUAGE_STANDARD = gnu99;
				GCC_NO_COMMON_BLOCKS = YES;
				GCC_WARN_64_TO_32_BIT_CONVERSION = YES;
				GCC_WARN_ABOUT_RETURN_TYPE = YES_ERROR;
				GCC_WARN_UNDECLARED_SELECTOR = YES;
				GCC_WARN_UNINITIALIZED_AUTOS = YES_AGGRESSIVE;
				GCC_WARN_UNUSED_FUNCTION = YES;
				GCC_WARN_UNUSED_VARIABLE = YES;
				IPHONEOS_DEPLOYMENT_TARGET = 8.4;
				MTL_ENABLE_DEBUG_INFO = NO;
				SDKROOT = iphoneos;
				TARGETED_DEVICE_FAMILY = 2;
				VALIDATE_PRODUCT = YES;
			};
			name = Release;
		};
		FC1E39E01B4FB5E8005E174E /* Debug */ = {
			isa = XCBuildConfiguration;
			buildSettings = {
				ASSETCATALOG_COMPILER_APPICON_NAME = AppIcon;
				CODE_SIGN_IDENTITY = "iPhone Developer";
				INFOPLIST_FILE = "Ka-pok/Info.plist";
				LD_RUNPATH_SEARCH_PATHS = "$(inherited) @executable_path/Frameworks";
				PRODUCT_NAME = Kapok;
			};
			name = Debug;
		};
		FC1E39E11B4FB5E8005E174E /* Release */ = {
			isa = XCBuildConfiguration;
			buildSettings = {
				ASSETCATALOG_COMPILER_APPICON_NAME = AppIcon;
				CODE_SIGN_IDENTITY = "iPhone Developer";
				INFOPLIST_FILE = "Ka-pok/Info.plist";
				LD_RUNPATH_SEARCH_PATHS = "$(inherited) @executable_path/Frameworks";
				PRODUCT_NAME = Kapok;
			};
			name = Release;
		};
		FC1E39E31B4FB5E8005E174E /* Debug */ = {
			isa = XCBuildConfiguration;
			buildSettings = {
				BUNDLE_LOADER = "$(TEST_HOST)";
				FRAMEWORK_SEARCH_PATHS = (
					"$(SDKROOT)/Developer/Library/Frameworks",
					"$(inherited)",
				);
				GCC_PREPROCESSOR_DEFINITIONS = (
					"DEBUG=1",
					"$(inherited)",
				);
				INFOPLIST_FILE = "Ka-pokTests/Info.plist";
				LD_RUNPATH_SEARCH_PATHS = "$(inherited) @executable_path/Frameworks @loader_path/Frameworks";
				PRODUCT_NAME = "$(TARGET_NAME)";
				TEST_HOST = "$(BUILT_PRODUCTS_DIR)/Ka-pok.app/Ka-pok";
			};
			name = Debug;
		};
		FC1E39E41B4FB5E8005E174E /* Release */ = {
			isa = XCBuildConfiguration;
			buildSettings = {
				BUNDLE_LOADER = "$(TEST_HOST)";
				FRAMEWORK_SEARCH_PATHS = (
					"$(SDKROOT)/Developer/Library/Frameworks",
					"$(inherited)",
				);
				INFOPLIST_FILE = "Ka-pokTests/Info.plist";
				LD_RUNPATH_SEARCH_PATHS = "$(inherited) @executable_path/Frameworks @loader_path/Frameworks";
				PRODUCT_NAME = "$(TARGET_NAME)";
				TEST_HOST = "$(BUILT_PRODUCTS_DIR)/Ka-pok.app/Ka-pok";
			};
			name = Release;
		};
/* End XCBuildConfiguration section */

/* Begin XCConfigurationList section */
		FC1E39B71B4FB5E8005E174E /* Build configuration list for PBXProject "Ka-pok" */ = {
			isa = XCConfigurationList;
			buildConfigurations = (
				FC1E39DD1B4FB5E8005E174E /* Debug */,
				FC1E39DE1B4FB5E8005E174E /* Release */,
			);
			defaultConfigurationIsVisible = 0;
			defaultConfigurationName = Release;
		};
		FC1E39DF1B4FB5E8005E174E /* Build configuration list for PBXNativeTarget "Ka-pok" */ = {
			isa = XCConfigurationList;
			buildConfigurations = (
				FC1E39E01B4FB5E8005E174E /* Debug */,
				FC1E39E11B4FB5E8005E174E /* Release */,
			);
			defaultConfigurationIsVisible = 0;
			defaultConfigurationName = Release;
		};
		FC1E39E21B4FB5E8005E174E /* Build configuration list for PBXNativeTarget "Ka-pokTests" */ = {
			isa = XCConfigurationList;
			buildConfigurations = (
				FC1E39E31B4FB5E8005E174E /* Debug */,
				FC1E39E41B4FB5E8005E174E /* Release */,
			);
			defaultConfigurationIsVisible = 0;
			defaultConfigurationName = Release;
		};
/* End XCConfigurationList section */
	};
	rootObject = FC1E39B41B4FB5E8005E174E /* Project object */;
}
